
Microsoft Visual Studio Solution File, Format Version 12.00
# Visual Studio 14
VisualStudioVersion = 14.0.25420.1
MinimumVisualStudioVersion = 10.0.40219.1
Project("{2150E333-8FDC-42A3-9474-1A3956D46DE8}") = "Core", "Core", "{08BA24F0-6D01-4246-9E3B-5CCD9F2ED9BB}"
EndProject
Project("{FAE04EC0-301F-11D3-BF4B-00C04F79EFBC}") = "CFA.Domain", "Core\CFA.Domain\CFA.Domain.csproj", "{6E31CA72-4AC8-4F60-907A-CB98E4F5B663}"
EndProject
Project("{FAE04EC0-301F-11D3-BF4B-00C04F79EFBC}") = "CFA.API", "Core\CFA.API\CFA.API.csproj", "{C6EE88DD-2040-44CE-99FE-B8C08C3C51D2}"
EndProject
Project("{2150E333-8FDC-42A3-9474-1A3956D46DE8}") = "Test", "Test", "{315DF05E-97D2-42AB-B7E1-9D6A3383BF67}"
EndProject
Project("{FAE04EC0-301F-11D3-BF4B-00C04F79EFBC}") = "CFA.API.Test", "Test\CFA.API.Test\CFA.API.Test.csproj", "{22B2DDE2-48B9-4BEC-AE71-3C2FB8ADF505}"
EndProject
Project("{2150E333-8FDC-42A3-9474-1A3956D46DE8}") = "Host", "Host", "{039DA091-872D-4148-BC56-57F85B4F5ED1}"
EndProject
Project("{FAE04EC0-301F-11D3-BF4B-00C04F79EFBC}") = "CFA.API.WebHost", "Host\CFA.API.WebHost\CFA.API.WebHost.csproj", "{6E2C877D-AFF9-483D-9438-E5432B76A93F}"
EndProject
Project("{FAE04EC0-301F-11D3-BF4B-00C04F79EFBC}") = "CFA.Data", "CFA.Data\CFA.Data.csproj", "{FC9FD6A2-2640-4D0C-B789-F9BF37100D19}"
EndProject
Project("{FAE04EC0-301F-11D3-BF4B-00C04F79EFBC}") = "CFA.Service", "CFA.Service\CFA.Service.csproj", "{F6DCD6AF-004B-40C3-A179-A2F6B75B3C36}"
EndProject
Project("{2150E333-8FDC-42A3-9474-1A3956D46DE8}") = "Common", "Common", "{E44A29A5-9281-4CDD-B88A-7D0827FD47D8}"
EndProject
Project("{FAE04EC0-301F-11D3-BF4B-00C04F79EFBC}") = "CFA.Infrastructure", "CFA.Infrastructure\CFA.Infrastructure.csproj", "{DE3D7CD7-F20B-41F1-92F9-DE4E2F180FB6}"
EndProject
Project("{FAE04EC0-301F-11D3-BF4B-00C04F79EFBC}") = "CFA.Generator", "CFA.Generator\CFA.Generator.csproj", "{93A3E0C8-7C58-4AB6-98AD-A5AC2E2EFE8F}"
EndProject
Project("{FAE04EC0-301F-11D3-BF4B-00C04F79EFBC}") = "CFA.Data.Test", "Test\CFA.Data.Test\CFA.Data.Test.csproj", "{B87C50EE-3693-4FE1-AFCC-A4CDB7284D72}"
EndProject
Project("{FAE04EC0-301F-11D3-BF4B-00C04F79EFBC}") = "CFA.Generator.Test", "Test\CFA.Generator.Test\CFA.Generator.Test.csproj", "{B27B0170-A8A8-4328-A644-303B4C776280}"
EndProject
Project("{FAE04EC0-301F-11D3-BF4B-00C04F79EFBC}") = "CFA.Service.Test", "Test\CFA.Service.Test\CFA.Service.Test.csproj", "{B072D759-181F-4787-9E16-6270CB1E22A9}"
EndProject
Project("{FAE04EC0-301F-11D3-BF4B-00C04F79EFBC}") = "CFA.Test", "Test\CFA.Test\CFA.Test.csproj", "{BEB3FAB6-A9BE-4334-8884-136EA4E4B716}"
EndProject
Global
	GlobalSection(SolutionConfigurationPlatforms) = preSolution
		Debug|Any CPU = Debug|Any CPU
		Release|Any CPU = Release|Any CPU
	EndGlobalSection
	GlobalSection(ProjectConfigurationPlatforms) = postSolution
		{6E31CA72-4AC8-4F60-907A-CB98E4F5B663}.Debug|Any CPU.ActiveCfg = Debug|Any CPU
		{6E31CA72-4AC8-4F60-907A-CB98E4F5B663}.Debug|Any CPU.Build.0 = Debug|Any CPU
		{6E31CA72-4AC8-4F60-907A-CB98E4F5B663}.Release|Any CPU.ActiveCfg = Release|Any CPU
		{6E31CA72-4AC8-4F60-907A-CB98E4F5B663}.Release|Any CPU.Build.0 = Release|Any CPU
		{C6EE88DD-2040-44CE-99FE-B8C08C3C51D2}.Debug|Any CPU.ActiveCfg = Debug|Any CPU
		{C6EE88DD-2040-44CE-99FE-B8C08C3C51D2}.Debug|Any CPU.Build.0 = Debug|Any CPU
		{C6EE88DD-2040-44CE-99FE-B8C08C3C51D2}.Release|Any CPU.ActiveCfg = Release|Any CPU
		{C6EE88DD-2040-44CE-99FE-B8C08C3C51D2}.Release|Any CPU.Build.0 = Release|Any CPU
		{22B2DDE2-48B9-4BEC-AE71-3C2FB8ADF505}.Debug|Any CPU.ActiveCfg = Debug|Any CPU
		{22B2DDE2-48B9-4BEC-AE71-3C2FB8ADF505}.Debug|Any CPU.Build.0 = Debug|Any CPU
		{22B2DDE2-48B9-4BEC-AE71-3C2FB8ADF505}.Release|Any CPU.ActiveCfg = Release|Any CPU
		{22B2DDE2-48B9-4BEC-AE71-3C2FB8ADF505}.Release|Any CPU.Build.0 = Release|Any CPU
		{6E2C877D-AFF9-483D-9438-E5432B76A93F}.Debug|Any CPU.ActiveCfg = Debug|Any CPU
		{6E2C877D-AFF9-483D-9438-E5432B76A93F}.Debug|Any CPU.Build.0 = Debug|Any CPU
		{6E2C877D-AFF9-483D-9438-E5432B76A93F}.Release|Any CPU.ActiveCfg = Release|Any CPU
		{6E2C877D-AFF9-483D-9438-E5432B76A93F}.Release|Any CPU.Build.0 = Release|Any CPU
		{FC9FD6A2-2640-4D0C-B789-F9BF37100D19}.Debug|Any CPU.ActiveCfg = Debug|Any CPU
		{FC9FD6A2-2640-4D0C-B789-F9BF37100D19}.Debug|Any CPU.Build.0 = Debug|Any CPU
		{FC9FD6A2-2640-4D0C-B789-F9BF37100D19}.Release|Any CPU.ActiveCfg = Release|Any CPU
		{FC9FD6A2-2640-4D0C-B789-F9BF37100D19}.Release|Any CPU.Build.0 = Release|Any CPU
		{F6DCD6AF-004B-40C3-A179-A2F6B75B3C36}.Debug|Any CPU.ActiveCfg = Debug|Any CPU
		{F6DCD6AF-004B-40C3-A179-A2F6B75B3C36}.Debug|Any CPU.Build.0 = Debug|Any CPU
		{F6DCD6AF-004B-40C3-A179-A2F6B75B3C36}.Release|Any CPU.ActiveCfg = Release|Any CPU
		{F6DCD6AF-004B-40C3-A179-A2F6B75B3C36}.Release|Any CPU.Build.0 = Release|Any CPU
		{DE3D7CD7-F20B-41F1-92F9-DE4E2F180FB6}.Debug|Any CPU.ActiveCfg = Debug|Any CPU
		{DE3D7CD7-F20B-41F1-92F9-DE4E2F180FB6}.Debug|Any CPU.Build.0 = Debug|Any CPU
		{DE3D7CD7-F20B-41F1-92F9-DE4E2F180FB6}.Release|Any CPU.ActiveCfg = Release|Any CPU
		{DE3D7CD7-F20B-41F1-92F9-DE4E2F180FB6}.Release|Any CPU.Build.0 = Release|Any CPU
		{93A3E0C8-7C58-4AB6-98AD-A5AC2E2EFE8F}.Debug|Any CPU.ActiveCfg = Debug|Any CPU
		{93A3E0C8-7C58-4AB6-98AD-A5AC2E2EFE8F}.Debug|Any CPU.Build.0 = Debug|Any CPU
		{93A3E0C8-7C58-4AB6-98AD-A5AC2E2EFE8F}.Release|Any CPU.ActiveCfg = Release|Any CPU
		{93A3E0C8-7C58-4AB6-98AD-A5AC2E2EFE8F}.Release|Any CPU.Build.0 = Release|Any CPU
		{B87C50EE-3693-4FE1-AFCC-A4CDB7284D72}.Debug|Any CPU.ActiveCfg = Debug|Any CPU
		{B87C50EE-3693-4FE1-AFCC-A4CDB7284D72}.Debug|Any CPU.Build.0 = Debug|Any CPU
		{B87C50EE-3693-4FE1-AFCC-A4CDB7284D72}.Release|Any CPU.ActiveCfg = Release|Any CPU
		{B87C50EE-3693-4FE1-AFCC-A4CDB7284D72}.Release|Any CPU.Build.0 = Release|Any CPU
		{B27B0170-A8A8-4328-A644-303B4C776280}.Debug|Any CPU.ActiveCfg = Debug|Any CPU
		{B27B0170-A8A8-4328-A644-303B4C776280}.Debug|Any CPU.Build.0 = Debug|Any CPU
		{B27B0170-A8A8-4328-A644-303B4C776280}.Release|Any CPU.ActiveCfg = Release|Any CPU
		{B27B0170-A8A8-4328-A644-303B4C776280}.Release|Any CPU.Build.0 = Release|Any CPU
		{B072D759-181F-4787-9E16-6270CB1E22A9}.Debug|Any CPU.ActiveCfg = Debug|Any CPU
		{B072D759-181F-4787-9E16-6270CB1E22A9}.Debug|Any CPU.Build.0 = Debug|Any CPU
		{B072D759-181F-4787-9E16-6270CB1E22A9}.Release|Any CPU.ActiveCfg = Release|Any CPU
		{B072D759-181F-4787-9E16-6270CB1E22A9}.Release|Any CPU.Build.0 = Release|Any CPU
		{BEB3FAB6-A9BE-4334-8884-136EA4E4B716}.Debug|Any CPU.ActiveCfg = Debug|Any CPU
		{BEB3FAB6-A9BE-4334-8884-136EA4E4B716}.Debug|Any CPU.Build.0 = Debug|Any CPU
		{BEB3FAB6-A9BE-4334-8884-136EA4E4B716}.Release|Any CPU.ActiveCfg = Release|Any CPU
		{BEB3FAB6-A9BE-4334-8884-136EA4E4B716}.Release|Any CPU.Build.0 = Release|Any CPU
	EndGlobalSection
	GlobalSection(SolutionProperties) = preSolution
		HideSolutionNode = FALSE
	EndGlobalSection
	GlobalSection(NestedProjects) = preSolution
		{6E31CA72-4AC8-4F60-907A-CB98E4F5B663} = {08BA24F0-6D01-4246-9E3B-5CCD9F2ED9BB}
		{C6EE88DD-2040-44CE-99FE-B8C08C3C51D2} = {08BA24F0-6D01-4246-9E3B-5CCD9F2ED9BB}
		{22B2DDE2-48B9-4BEC-AE71-3C2FB8ADF505} = {315DF05E-97D2-42AB-B7E1-9D6A3383BF67}
		{6E2C877D-AFF9-483D-9438-E5432B76A93F} = {039DA091-872D-4148-BC56-57F85B4F5ED1}
		{FC9FD6A2-2640-4D0C-B789-F9BF37100D19} = {08BA24F0-6D01-4246-9E3B-5CCD9F2ED9BB}
		{F6DCD6AF-004B-40C3-A179-A2F6B75B3C36} = {08BA24F0-6D01-4246-9E3B-5CCD9F2ED9BB}
		{DE3D7CD7-F20B-41F1-92F9-DE4E2F180FB6} = {E44A29A5-9281-4CDD-B88A-7D0827FD47D8}
		{93A3E0C8-7C58-4AB6-98AD-A5AC2E2EFE8F} = {08BA24F0-6D01-4246-9E3B-5CCD9F2ED9BB}
		{B87C50EE-3693-4FE1-AFCC-A4CDB7284D72} = {315DF05E-97D2-42AB-B7E1-9D6A3383BF67}
		{B27B0170-A8A8-4328-A644-303B4C776280} = {315DF05E-97D2-42AB-B7E1-9D6A3383BF67}
		{B072D759-181F-4787-9E16-6270CB1E22A9} = {315DF05E-97D2-42AB-B7E1-9D6A3383BF67}
		{BEB3FAB6-A9BE-4334-8884-136EA4E4B716} = {315DF05E-97D2-42AB-B7E1-9D6A3383BF67}
	EndGlobalSection
EndGlobal
